Microsoft Visual Studio Solution File, Format Version 11.00
# Visual Studio 2008

Project("{7297C8D2-53CC-721A-7781-8A55B4BC1801}") = "2dshooter", "Assembly-CSharp-firstpass.csproj", "{B6071A23-1DB5-1CEE-16BD-49526A0A35E2}"
EndProject
Project("{7297C8D2-53CC-721A-7781-8A55B4BC1801}") = "2dshooter", "Assembly-CSharp.csproj", "{6FD73164-F8D5-50E2-56C7-2DCE5E4FEF38}"
EndProject
Project("{7297C8D2-53CC-721A-7781-8A55B4BC1801}") = "2dshooter", "Assembly-CSharp-Editor.csproj", "{6A581458-0F85-F807-3C6C-08ED640180B0}"
EndProject
Global
	GlobalSection(SolutionConfigurationPlatforms) = preSolution
		Debug|Any CPU = Debug|Any CPU
		Release|Any CPU = Release|Any CPU
	EndGlobalSection
	GlobalSection(ProjectConfigurationPlatforms) = postSolution
		{B6071A23-1DB5-1CEE-16BD-49526A0A35E2}.Debug|Any CPU.ActiveCfg = Debug|Any CPU
		{B6071A23-1DB5-1CEE-16BD-49526A0A35E2}.Debug|Any CPU.Build.0 = Debug|Any CPU
		{B6071A23-1DB5-1CEE-16BD-49526A0A35E2}.Release|Any CPU.ActiveCfg = Release|Any CPU
		{B6071A23-1DB5-1CEE-16BD-49526A0A35E2}.Release|Any CPU.Build.0 = Release|Any CPU
		{6FD73164-F8D5-50E2-56C7-2DCE5E4FEF38}.Debug|Any CPU.ActiveCfg = Debug|Any CPU
		{6FD73164-F8D5-50E2-56C7-2DCE5E4FEF38}.Debug|Any CPU.Build.0 = Debug|Any CPU
		{6FD73164-F8D5-50E2-56C7-2DCE5E4FEF38}.Release|Any CPU.ActiveCfg = Release|Any CPU
		{6FD73164-F8D5-50E2-56C7-2DCE5E4FEF38}.Release|Any CPU.Build.0 = Release|Any CPU
		{6A581458-0F85-F807-3C6C-08ED640180B0}.Debug|Any CPU.ActiveCfg = Debug|Any CPU
		{6A581458-0F85-F807-3C6C-08ED640180B0}.Debug|Any CPU.Build.0 = Debug|Any CPU
		{6A581458-0F85-F807-3C6C-08ED640180B0}.Release|Any CPU.ActiveCfg = Release|Any CPU
		{6A581458-0F85-F807-3C6C-08ED640180B0}.Release|Any CPU.Build.0 = Release|Any CPU
	EndGlobalSection
	GlobalSection(SolutionProperties) = preSolution
		HideSolutionNode = FALSE
	EndGlobalSection
	GlobalSection(MonoDevelopProperties) = preSolution
		StartupItem = Assembly-CSharp.csproj
	EndGlobalSection
EndGlobal
